{
  "version": 4,
  "terraform_version": "1.9.8",
  "serial": 1518,
  "lineage": "f81dbdfd-050a-2404-0b07-f83904e99d3a",
  "outputs": {
    "jump_host_ip": {
      "value": "194.47.178.1",
      "type": "string"
    },
    "load_balancer_ip": {
      "value": "194.47.178.13",
      "type": "string"
    }
  },
  "resources": [
    {
      "mode": "managed",
      "type": "local_file",
      "name": "ansible_inventory",
      "provider": "provider[\"registry.terraform.io/hashicorp/local\"]",
      "instances": [
        {
          "schema_version": 0,
          "attributes": {
            "content": "[load_balancer]\nload_balancer ansible_host=194.47.178.13 ansible_user=ubuntu ansible_ssh_private_key_file=~/.ssh/gn222gq-keypair.pem ansible_ssh_common_args='-o StrictHostKeyChecking=no -o UserKnownHostsFile=/dev/null'\n\n[jump_host]\njump_host ansible_host=194.47.178.1 ansible_user=ubuntu ansible_ssh_private_key_file=~/.ssh/gn222gq-keypair.pem ansible_ssh_common_args='-o StrictHostKeyChecking=no -o UserKnownHostsFile=/dev/null'\n\n\n[all:vars]\nload_balancer_ip=194.47.178.13\n",
            "content_base64": null,
            "content_base64sha256": "q8U29QcB7tFxwcgCQ7wD9ELrHcUpYiPJKN6hdHUsjvY=",
            "content_base64sha512": "uNRSgNpsVb5FPWqWh/0X6l5X9SNtUPtnheXz981qkwWNtOTHfAqmDg3H4I9twREkPqKCElZXmF2EDr2ooqWReA==",
            "content_md5": "72d4976a729eaaf316462e404c6115d9",
            "content_sha1": "ef1fae751d80842aac09d5e105bc9670e226ac41",
            "content_sha256": "abc536f50701eed171c1c80243bc03f442eb1dc5296223c928dea174752c8ef6",
            "content_sha512": "b8d45280da6c55be453d6a9687fd17ea5e57f5236d50fb6785e5f3f7cd6a93058db4e4c77c0aa60e0dc7e08f6dc111243ea282125657985d840ebda8a2a59178",
            "directory_permission": "0777",
            "file_permission": "0777",
            "filename": "../ansible/inventory.ini",
            "id": "ef1fae751d80842aac09d5e105bc9670e226ac41",
            "sensitive_content": null,
            "source": null
          },
          "sensitive_attributes": [
            [
              {
                "type": "get_attr",
                "value": "sensitive_content"
              }
            ]
          ],
          "dependencies": [
            "openstack_networking_floatingip_v2.jump_host_floating_ip",
            "openstack_networking_floatingip_v2.load_balancer_floating_ip"
          ]
        }
      ]
    },
    {
      "mode": "managed",
      "type": "openstack_compute_floatingip_associate_v2",
      "name": "jump_host_floating_ip_associate",
      "provider": "provider[\"registry.terraform.io/terraform-provider-openstack/openstack\"]",
      "instances": [
        {
          "schema_version": 0,
          "attributes": {
            "fixed_ip": "",
            "floating_ip": "194.47.178.1",
            "id": "194.47.178.1/9c82752d-5eef-4a28-9a10-073bd4c305f0/",
            "instance_id": "9c82752d-5eef-4a28-9a10-073bd4c305f0",
            "region": "RegionOne",
            "timeouts": null,
            "wait_until_associated": null
          },
          "sensitive_attributes": [],
          "private": "eyJlMmJmYjczMC1lY2FhLTExZTYtOGY4OC0zNDM2M2JjN2M0YzAiOnsiY3JlYXRlIjo2MDAwMDAwMDAwMDB9fQ==",
          "dependencies": [
            "openstack_compute_instance_v2.jump_host",
            "openstack_networking_floatingip_v2.jump_host_floating_ip",
            "openstack_networking_network_v2.cluster_network",
            "openstack_networking_secgroup_v2.allow_ssh"
          ]
        }
      ]
    },
    {
      "mode": "managed",
      "type": "openstack_compute_floatingip_associate_v2",
      "name": "load_balancer_floating_ip_associate",
      "provider": "provider[\"registry.terraform.io/terraform-provider-openstack/openstack\"]",
      "instances": [
        {
          "schema_version": 0,
          "attributes": {
            "fixed_ip": "",
            "floating_ip": "194.47.178.13",
            "id": "194.47.178.13/8be91c73-9721-418d-a0e4-39776c7ec8dd/",
            "instance_id": "8be91c73-9721-418d-a0e4-39776c7ec8dd",
            "region": "RegionOne",
            "timeouts": null,
            "wait_until_associated": null
          },
          "sensitive_attributes": [],
          "private": "eyJlMmJmYjczMC1lY2FhLTExZTYtOGY4OC0zNDM2M2JjN2M0YzAiOnsiY3JlYXRlIjo2MDAwMDAwMDAwMDB9fQ==",
          "dependencies": [
            "openstack_compute_instance_v2.load_balancer",
            "openstack_networking_floatingip_v2.load_balancer_floating_ip",
            "openstack_networking_network_v2.cluster_network",
            "openstack_networking_secgroup_v2.allow_http_https",
            "openstack_networking_secgroup_v2.allow_ssh"
          ]
        }
      ]
    },
    {
      "mode": "managed",
      "type": "openstack_compute_instance_v2",
      "name": "jump_host",
      "provider": "provider[\"registry.terraform.io/terraform-provider-openstack/openstack\"]",
      "instances": [
        {
          "schema_version": 0,
          "attributes": {
            "access_ip_v4": "192.168.1.13",
            "access_ip_v6": "",
            "admin_pass": null,
            "all_metadata": {},
            "all_tags": [],
            "availability_zone": "Education",
            "availability_zone_hints": null,
            "block_device": [],
            "config_drive": null,
            "created": "2024-11-24 15:26:27 +0000 UTC",
            "flavor_id": "c1-r1-d10",
            "flavor_name": "c1-r1-d10",
            "floating_ip": null,
            "force_delete": false,
            "id": "9c82752d-5eef-4a28-9a10-073bd4c305f0",
            "image_id": "1291b7e9-5c28-4d1a-863e-9dc095c8cbc4",
            "image_name": "Ubuntu server 22.04.4",
            "key_pair": "gn222gq-keypair",
            "metadata": null,
            "name": "jump_host",
            "network": [
              {
                "access_network": false,
                "fixed_ip_v4": "192.168.1.13",
                "fixed_ip_v6": "",
                "floating_ip": "",
                "mac": "fa:16:3e:18:6e:1d",
                "name": "cluster_network",
                "port": "",
                "uuid": "bfcd95ef-1fa4-45a5-901e-a7b34ae92c09"
              }
            ],
            "network_mode": null,
            "personality": [],
            "power_state": "active",
            "region": "RegionOne",
            "scheduler_hints": [],
            "security_groups": [
              "allow_ssh"
            ],
            "stop_before_destroy": false,
            "tags": null,
            "timeouts": null,
            "updated": "2024-11-24 15:26:45 +0000 UTC",
            "user_data": null,
            "vendor_options": [],
            "volume": []
          },
          "sensitive_attributes": [
            [
              {
                "type": "get_attr",
                "value": "admin_pass"
              }
            ]
          ],
          "private": "eyJlMmJmYjczMC1lY2FhLTExZTYtOGY4OC0zNDM2M2JjN2M0YzAiOnsiY3JlYXRlIjoxODAwMDAwMDAwMDAwLCJkZWxldGUiOjE4MDAwMDAwMDAwMDAsInVwZGF0ZSI6MTgwMDAwMDAwMDAwMH19",
          "dependencies": [
            "openstack_networking_network_v2.cluster_network",
            "openstack_networking_secgroup_v2.allow_ssh"
          ]
        }
      ]
    },
    {
      "mode": "managed",
      "type": "openstack_compute_instance_v2",
      "name": "load_balancer",
      "provider": "provider[\"registry.terraform.io/terraform-provider-openstack/openstack\"]",
      "instances": [
        {
          "schema_version": 0,
          "attributes": {
            "access_ip_v4": "192.168.1.7",
            "access_ip_v6": "",
            "admin_pass": null,
            "all_metadata": {},
            "all_tags": [],
            "availability_zone": "Education",
            "availability_zone_hints": null,
            "block_device": [],
            "config_drive": null,
            "created": "2024-11-24 15:26:28 +0000 UTC",
            "flavor_id": "c1-r1-d10",
            "flavor_name": "c1-r1-d10",
            "floating_ip": null,
            "force_delete": false,
            "id": "8be91c73-9721-418d-a0e4-39776c7ec8dd",
            "image_id": "1291b7e9-5c28-4d1a-863e-9dc095c8cbc4",
            "image_name": "Ubuntu server 22.04.4",
            "key_pair": "gn222gq-keypair",
            "metadata": null,
            "name": "load_balancer",
            "network": [
              {
                "access_network": false,
                "fixed_ip_v4": "192.168.1.7",
                "fixed_ip_v6": "",
                "floating_ip": "",
                "mac": "fa:16:3e:48:3a:be",
                "name": "cluster_network",
                "port": "",
                "uuid": "bfcd95ef-1fa4-45a5-901e-a7b34ae92c09"
              }
            ],
            "network_mode": null,
            "personality": [],
            "power_state": "active",
            "region": "RegionOne",
            "scheduler_hints": [],
            "security_groups": [
              "allow_http_https",
              "allow_ssh"
            ],
            "stop_before_destroy": false,
            "tags": null,
            "timeouts": null,
            "updated": "2024-11-24 15:26:45 +0000 UTC",
            "user_data": null,
            "vendor_options": [],
            "volume": []
          },
          "sensitive_attributes": [
            [
              {
                "type": "get_attr",
                "value": "admin_pass"
              }
            ]
          ],
          "private": "eyJlMmJmYjczMC1lY2FhLTExZTYtOGY4OC0zNDM2M2JjN2M0YzAiOnsiY3JlYXRlIjoxODAwMDAwMDAwMDAwLCJkZWxldGUiOjE4MDAwMDAwMDAwMDAsInVwZGF0ZSI6MTgwMDAwMDAwMDAwMH19",
          "dependencies": [
            "openstack_networking_network_v2.cluster_network",
            "openstack_networking_secgroup_v2.allow_http_https",
            "openstack_networking_secgroup_v2.allow_ssh"
          ]
        }
      ]
    },
    {
      "mode": "managed",
      "type": "openstack_networking_floatingip_v2",
      "name": "jump_host_floating_ip",
      "provider": "provider[\"registry.terraform.io/terraform-provider-openstack/openstack\"]",
      "instances": [
        {
          "schema_version": 0,
          "attributes": {
            "address": "194.47.178.1",
            "all_tags": [],
            "description": "",
            "dns_domain": "",
            "dns_name": "",
            "fixed_ip": "",
            "id": "897a42db-0dd4-4203-b653-9eec3805ae80",
            "pool": "public",
            "port_id": "",
            "region": "RegionOne",
            "subnet_id": null,
            "subnet_ids": null,
            "tags": null,
            "tenant_id": "62be1c2191494d7899d91604fd697542",
            "timeouts": null,
            "value_specs": null
          },
          "sensitive_attributes": [],
          "private": "eyJlMmJmYjczMC1lY2FhLTExZTYtOGY4OC0zNDM2M2JjN2M0YzAiOnsiY3JlYXRlIjo2MDAwMDAwMDAwMDAsImRlbGV0ZSI6NjAwMDAwMDAwMDAwfX0="
        }
      ]
    },
    {
      "mode": "managed",
      "type": "openstack_networking_floatingip_v2",
      "name": "load_balancer_floating_ip",
      "provider": "provider[\"registry.terraform.io/terraform-provider-openstack/openstack\"]",
      "instances": [
        {
          "schema_version": 0,
          "attributes": {
            "address": "194.47.178.13",
            "all_tags": [],
            "description": "",
            "dns_domain": "",
            "dns_name": "",
            "fixed_ip": "",
            "id": "3d8c79b3-1ee2-4409-958b-f4bd51e5d3c6",
            "pool": "public",
            "port_id": "",
            "region": "RegionOne",
            "subnet_id": null,
            "subnet_ids": null,
            "tags": null,
            "tenant_id": "62be1c2191494d7899d91604fd697542",
            "timeouts": null,
            "value_specs": null
          },
          "sensitive_attributes": [],
          "private": "eyJlMmJmYjczMC1lY2FhLTExZTYtOGY4OC0zNDM2M2JjN2M0YzAiOnsiY3JlYXRlIjo2MDAwMDAwMDAwMDAsImRlbGV0ZSI6NjAwMDAwMDAwMDAwfX0="
        }
      ]
    },
    {
      "mode": "managed",
      "type": "openstack_networking_network_v2",
      "name": "cluster_network",
      "provider": "provider[\"registry.terraform.io/terraform-provider-openstack/openstack\"]",
      "instances": [
        {
          "schema_version": 0,
          "attributes": {
            "admin_state_up": true,
            "all_tags": [],
            "availability_zone_hints": [],
            "description": "",
            "dns_domain": "",
            "external": false,
            "id": "bfcd95ef-1fa4-45a5-901e-a7b34ae92c09",
            "mtu": 1500,
            "name": "cluster_network",
            "port_security_enabled": true,
            "qos_policy_id": "",
            "region": "RegionOne",
            "segments": [],
            "shared": false,
            "tags": null,
            "tenant_id": "62be1c2191494d7899d91604fd697542",
            "timeouts": null,
            "transparent_vlan": false,
            "value_specs": null
          },
          "sensitive_attributes": [],
          "private": "eyJlMmJmYjczMC1lY2FhLTExZTYtOGY4OC0zNDM2M2JjN2M0YzAiOnsiY3JlYXRlIjo2MDAwMDAwMDAwMDAsImRlbGV0ZSI6NjAwMDAwMDAwMDAwfX0="
        }
      ]
    },
    {
      "mode": "managed",
      "type": "openstack_networking_router_interface_v2",
      "name": "cluster_router_interface",
      "provider": "provider[\"registry.terraform.io/terraform-provider-openstack/openstack\"]",
      "instances": [
        {
          "schema_version": 0,
          "attributes": {
            "force_destroy": false,
            "id": "9da4f06e-0eb8-4303-b115-5c2f24fe12da",
            "port_id": "9da4f06e-0eb8-4303-b115-5c2f24fe12da",
            "region": "RegionOne",
            "router_id": "78c42f2a-ce6a-44ed-9a69-b361284264c3",
            "subnet_id": "bc7f9da0-4ea5-4587-9f61-6718306cb678",
            "timeouts": null
          },
          "sensitive_attributes": [],
          "private": "eyJlMmJmYjczMC1lY2FhLTExZTYtOGY4OC0zNDM2M2JjN2M0YzAiOnsiY3JlYXRlIjo2MDAwMDAwMDAwMDAsImRlbGV0ZSI6NjAwMDAwMDAwMDAwfX0=",
          "dependencies": [
            "openstack_networking_network_v2.cluster_network",
            "openstack_networking_router_v2.cluster_router",
            "openstack_networking_subnet_v2.cluster_subnet"
          ]
        }
      ]
    },
    {
      "mode": "managed",
      "type": "openstack_networking_router_v2",
      "name": "cluster_router",
      "provider": "provider[\"registry.terraform.io/terraform-provider-openstack/openstack\"]",
      "instances": [
        {
          "schema_version": 0,
          "attributes": {
            "admin_state_up": true,
            "all_tags": [],
            "availability_zone_hints": [],
            "description": "The router for the cluster network",
            "distributed": false,
            "enable_snat": true,
            "external_fixed_ip": [
              {
                "ip_address": "194.47.177.144",
                "subnet_id": "bcaa5e7b-bc92-446d-b71b-1c7792eaf4d3"
              }
            ],
            "external_gateway": "fd401e50-9484-4883-9672-a2814089528c",
            "external_network_id": "fd401e50-9484-4883-9672-a2814089528c",
            "external_subnet_ids": null,
            "id": "78c42f2a-ce6a-44ed-9a69-b361284264c3",
            "name": "cluster_router",
            "region": "RegionOne",
            "tags": null,
            "tenant_id": "62be1c2191494d7899d91604fd697542",
            "timeouts": null,
            "value_specs": null,
            "vendor_options": []
          },
          "sensitive_attributes": [],
          "private": "eyJlMmJmYjczMC1lY2FhLTExZTYtOGY4OC0zNDM2M2JjN2M0YzAiOnsiY3JlYXRlIjo2MDAwMDAwMDAwMDAsImRlbGV0ZSI6NjAwMDAwMDAwMDAwfX0="
        }
      ]
    },
    {
      "mode": "managed",
      "type": "openstack_networking_secgroup_rule_v2",
      "name": "allow_http",
      "provider": "provider[\"registry.terraform.io/terraform-provider-openstack/openstack\"]",
      "instances": [
        {
          "schema_version": 0,
          "attributes": {
            "description": "",
            "direction": "ingress",
            "ethertype": "IPv4",
            "id": "d2cbffcd-29b3-4409-a597-87656beee5c5",
            "port_range_max": 80,
            "port_range_min": 80,
            "protocol": "tcp",
            "region": "RegionOne",
            "remote_group_id": "",
            "remote_ip_prefix": "0.0.0.0/0",
            "security_group_id": "0f5a2107-c623-42e6-8dcf-5b4cd1f78e5c",
            "tenant_id": "62be1c2191494d7899d91604fd697542",
            "timeouts": null
          },
          "sensitive_attributes": [],
          "private": "eyJlMmJmYjczMC1lY2FhLTExZTYtOGY4OC0zNDM2M2JjN2M0YzAiOnsiZGVsZXRlIjo2MDAwMDAwMDAwMDB9fQ==",
          "dependencies": [
            "openstack_networking_secgroup_v2.allow_http_https"
          ]
        }
      ]
    },
    {
      "mode": "managed",
      "type": "openstack_networking_secgroup_rule_v2",
      "name": "allow_https",
      "provider": "provider[\"registry.terraform.io/terraform-provider-openstack/openstack\"]",
      "instances": [
        {
          "schema_version": 0,
          "attributes": {
            "description": "",
            "direction": "ingress",
            "ethertype": "IPv4",
            "id": "4bbeed80-e69d-4420-b37a-799b588eef11",
            "port_range_max": 443,
            "port_range_min": 443,
            "protocol": "tcp",
            "region": "RegionOne",
            "remote_group_id": "",
            "remote_ip_prefix": "0.0.0.0/0",
            "security_group_id": "0f5a2107-c623-42e6-8dcf-5b4cd1f78e5c",
            "tenant_id": "62be1c2191494d7899d91604fd697542",
            "timeouts": null
          },
          "sensitive_attributes": [],
          "private": "eyJlMmJmYjczMC1lY2FhLTExZTYtOGY4OC0zNDM2M2JjN2M0YzAiOnsiZGVsZXRlIjo2MDAwMDAwMDAwMDB9fQ==",
          "dependencies": [
            "openstack_networking_secgroup_v2.allow_http_https"
          ]
        }
      ]
    },
    {
      "mode": "managed",
      "type": "openstack_networking_secgroup_rule_v2",
      "name": "ingress_ssh",
      "provider": "provider[\"registry.terraform.io/terraform-provider-openstack/openstack\"]",
      "instances": [
        {
          "schema_version": 0,
          "attributes": {
            "description": "",
            "direction": "ingress",
            "ethertype": "IPv4",
            "id": "0667738c-1f8f-4a21-a994-159d5b477e48",
            "port_range_max": 22,
            "port_range_min": 22,
            "protocol": "tcp",
            "region": "RegionOne",
            "remote_group_id": "",
            "remote_ip_prefix": "0.0.0.0/0",
            "security_group_id": "6adf1ff5-f35d-4727-a69e-635b49f77060",
            "tenant_id": "62be1c2191494d7899d91604fd697542",
            "timeouts": null
          },
          "sensitive_attributes": [],
          "private": "eyJlMmJmYjczMC1lY2FhLTExZTYtOGY4OC0zNDM2M2JjN2M0YzAiOnsiZGVsZXRlIjo2MDAwMDAwMDAwMDB9fQ==",
          "dependencies": [
            "openstack_networking_secgroup_v2.allow_ssh"
          ]
        }
      ]
    },
    {
      "mode": "managed",
      "type": "openstack_networking_secgroup_rule_v2",
      "name": "microk8s_api",
      "provider": "provider[\"registry.terraform.io/terraform-provider-openstack/openstack\"]",
      "instances": [
        {
          "schema_version": 0,
          "attributes": {
            "description": "",
            "direction": "ingress",
            "ethertype": "IPv4",
            "id": "fa84f3ba-8350-4000-991b-9bd3e1691c78",
            "port_range_max": 6443,
            "port_range_min": 6443,
            "protocol": "tcp",
            "region": "RegionOne",
            "remote_group_id": "",
            "remote_ip_prefix": "192.168.1.0/24",
            "security_group_id": "552aea0c-adcd-437f-8811-682112f34538",
            "tenant_id": "62be1c2191494d7899d91604fd697542",
            "timeouts": null
          },
          "sensitive_attributes": [],
          "private": "eyJlMmJmYjczMC1lY2FhLTExZTYtOGY4OC0zNDM2M2JjN2M0YzAiOnsiZGVsZXRlIjo2MDAwMDAwMDAwMDB9fQ==",
          "dependencies": [
            "openstack_networking_network_v2.cluster_network",
            "openstack_networking_secgroup_v2.k8_node_sg",
            "openstack_networking_subnet_v2.cluster_subnet"
          ]
        }
      ]
    },
    {
      "mode": "managed",
      "type": "openstack_networking_secgroup_rule_v2",
      "name": "microk8s_flannel",
      "provider": "provider[\"registry.terraform.io/terraform-provider-openstack/openstack\"]",
      "instances": [
        {
          "schema_version": 0,
          "attributes": {
            "description": "",
            "direction": "ingress",
            "ethertype": "IPv4",
            "id": "11b8ae56-246d-4fdc-98d8-1d36f4eb2f2b",
            "port_range_max": 8472,
            "port_range_min": 8472,
            "protocol": "udp",
            "region": "RegionOne",
            "remote_group_id": "",
            "remote_ip_prefix": "192.168.1.0/24",
            "security_group_id": "552aea0c-adcd-437f-8811-682112f34538",
            "tenant_id": "62be1c2191494d7899d91604fd697542",
            "timeouts": null
          },
          "sensitive_attributes": [],
          "private": "eyJlMmJmYjczMC1lY2FhLTExZTYtOGY4OC0zNDM2M2JjN2M0YzAiOnsiZGVsZXRlIjo2MDAwMDAwMDAwMDB9fQ==",
          "dependencies": [
            "openstack_networking_network_v2.cluster_network",
            "openstack_networking_secgroup_v2.k8_node_sg",
            "openstack_networking_subnet_v2.cluster_subnet"
          ]
        }
      ]
    },
    {
      "mode": "managed",
      "type": "openstack_networking_secgroup_rule_v2",
      "name": "microk8s_ha",
      "provider": "provider[\"registry.terraform.io/terraform-provider-openstack/openstack\"]",
      "instances": [
        {
          "schema_version": 0,
          "attributes": {
            "description": "",
            "direction": "ingress",
            "ethertype": "IPv4",
            "id": "394375d5-ad6d-40a8-838e-c44502cf88c9",
            "port_range_max": 16443,
            "port_range_min": 16443,
            "protocol": "tcp",
            "region": "RegionOne",
            "remote_group_id": "",
            "remote_ip_prefix": "192.168.1.0/24",
            "security_group_id": "552aea0c-adcd-437f-8811-682112f34538",
            "tenant_id": "62be1c2191494d7899d91604fd697542",
            "timeouts": null
          },
          "sensitive_attributes": [],
          "private": "eyJlMmJmYjczMC1lY2FhLTExZTYtOGY4OC0zNDM2M2JjN2M0YzAiOnsiZGVsZXRlIjo2MDAwMDAwMDAwMDB9fQ==",
          "dependencies": [
            "openstack_networking_network_v2.cluster_network",
            "openstack_networking_secgroup_v2.k8_node_sg",
            "openstack_networking_subnet_v2.cluster_subnet"
          ]
        }
      ]
    },
    {
      "mode": "managed",
      "type": "openstack_networking_secgroup_rule_v2",
      "name": "microk8s_node_join",
      "provider": "provider[\"registry.terraform.io/terraform-provider-openstack/openstack\"]",
      "instances": [
        {
          "schema_version": 0,
          "attributes": {
            "description": "",
            "direction": "ingress",
            "ethertype": "IPv4",
            "id": "cde74f5f-987b-42e5-a7d1-d927f6bd9a3f",
            "port_range_max": 25000,
            "port_range_min": 25000,
            "protocol": "tcp",
            "region": "RegionOne",
            "remote_group_id": "",
            "remote_ip_prefix": "192.168.1.0/24",
            "security_group_id": "552aea0c-adcd-437f-8811-682112f34538",
            "tenant_id": "62be1c2191494d7899d91604fd697542",
            "timeouts": null
          },
          "sensitive_attributes": [],
          "private": "eyJlMmJmYjczMC1lY2FhLTExZTYtOGY4OC0zNDM2M2JjN2M0YzAiOnsiZGVsZXRlIjo2MDAwMDAwMDAwMDB9fQ==",
          "dependencies": [
            "openstack_networking_network_v2.cluster_network",
            "openstack_networking_secgroup_v2.k8_node_sg",
            "openstack_networking_subnet_v2.cluster_subnet"
          ]
        }
      ]
    },
    {
      "mode": "managed",
      "type": "openstack_networking_secgroup_rule_v2",
      "name": "microk8s_nodeport",
      "provider": "provider[\"registry.terraform.io/terraform-provider-openstack/openstack\"]",
      "instances": [
        {
          "schema_version": 0,
          "attributes": {
            "description": "",
            "direction": "ingress",
            "ethertype": "IPv4",
            "id": "5c85a27d-b739-4cb7-a851-beb5397a3d9b",
            "port_range_max": 32767,
            "port_range_min": 30000,
            "protocol": "tcp",
            "region": "RegionOne",
            "remote_group_id": "",
            "remote_ip_prefix": "",
            "security_group_id": "552aea0c-adcd-437f-8811-682112f34538",
            "tenant_id": "62be1c2191494d7899d91604fd697542",
            "timeouts": null
          },
          "sensitive_attributes": [],
          "private": "eyJlMmJmYjczMC1lY2FhLTExZTYtOGY4OC0zNDM2M2JjN2M0YzAiOnsiZGVsZXRlIjo2MDAwMDAwMDAwMDB9fQ==",
          "dependencies": [
            "openstack_networking_secgroup_v2.k8_node_sg"
          ]
        }
      ]
    },
    {
      "mode": "managed",
      "type": "openstack_networking_secgroup_rule_v2",
      "name": "microk8s_worker",
      "provider": "provider[\"registry.terraform.io/terraform-provider-openstack/openstack\"]",
      "instances": [
        {
          "schema_version": 0,
          "attributes": {
            "description": "",
            "direction": "ingress",
            "ethertype": "IPv4",
            "id": "3f431e5c-34b5-42aa-a40e-9a6d84b8cb2e",
            "port_range_max": 10250,
            "port_range_min": 10250,
            "protocol": "tcp",
            "region": "RegionOne",
            "remote_group_id": "",
            "remote_ip_prefix": "192.168.1.0/24",
            "security_group_id": "552aea0c-adcd-437f-8811-682112f34538",
            "tenant_id": "62be1c2191494d7899d91604fd697542",
            "timeouts": null
          },
          "sensitive_attributes": [],
          "private": "eyJlMmJmYjczMC1lY2FhLTExZTYtOGY4OC0zNDM2M2JjN2M0YzAiOnsiZGVsZXRlIjo2MDAwMDAwMDAwMDB9fQ==",
          "dependencies": [
            "openstack_networking_network_v2.cluster_network",
            "openstack_networking_secgroup_v2.k8_node_sg",
            "openstack_networking_subnet_v2.cluster_subnet"
          ]
        }
      ]
    },
    {
      "mode": "managed",
      "type": "openstack_networking_secgroup_rule_v2",
      "name": "ssh_from_jumphost",
      "provider": "provider[\"registry.terraform.io/terraform-provider-openstack/openstack\"]",
      "instances": [
        {
          "schema_version": 0,
          "attributes": {
            "description": "",
            "direction": "ingress",
            "ethertype": "IPv4",
            "id": "0c07fe80-b6fb-47b6-a2d1-9484b4d90e92",
            "port_range_max": 22,
            "port_range_min": 22,
            "protocol": "tcp",
            "region": "RegionOne",
            "remote_group_id": "",
            "remote_ip_prefix": "192.168.1.13/32",
            "security_group_id": "122294a9-472c-4f79-981b-be3d745903db",
            "tenant_id": "62be1c2191494d7899d91604fd697542",
            "timeouts": null
          },
          "sensitive_attributes": [],
          "private": "eyJlMmJmYjczMC1lY2FhLTExZTYtOGY4OC0zNDM2M2JjN2M0YzAiOnsiZGVsZXRlIjo2MDAwMDAwMDAwMDB9fQ==",
          "dependencies": [
            "openstack_compute_instance_v2.jump_host",
            "openstack_networking_network_v2.cluster_network",
            "openstack_networking_secgroup_v2.allow_ssh",
            "openstack_networking_secgroup_v2.allow_ssh_from_jumphost"
          ]
        }
      ]
    },
    {
      "mode": "managed",
      "type": "openstack_networking_secgroup_v2",
      "name": "allow_http_https",
      "provider": "provider[\"registry.terraform.io/terraform-provider-openstack/openstack\"]",
      "instances": [
        {
          "schema_version": 0,
          "attributes": {
            "all_tags": [],
            "delete_default_rules": null,
            "description": "Allows http and https",
            "id": "0f5a2107-c623-42e6-8dcf-5b4cd1f78e5c",
            "name": "allow_http_https",
            "region": "RegionOne",
            "tags": null,
            "tenant_id": "62be1c2191494d7899d91604fd697542",
            "timeouts": null
          },
          "sensitive_attributes": [],
          "private": "eyJlMmJmYjczMC1lY2FhLTExZTYtOGY4OC0zNDM2M2JjN2M0YzAiOnsiZGVsZXRlIjo2MDAwMDAwMDAwMDB9fQ=="
        }
      ]
    },
    {
      "mode": "managed",
      "type": "openstack_networking_secgroup_v2",
      "name": "allow_ssh",
      "provider": "provider[\"registry.terraform.io/terraform-provider-openstack/openstack\"]",
      "instances": [
        {
          "schema_version": 0,
          "attributes": {
            "all_tags": [],
            "delete_default_rules": null,
            "description": "Allows ingress SSH",
            "id": "6adf1ff5-f35d-4727-a69e-635b49f77060",
            "name": "allow_ssh",
            "region": "RegionOne",
            "tags": null,
            "tenant_id": "62be1c2191494d7899d91604fd697542",
            "timeouts": null
          },
          "sensitive_attributes": [],
          "private": "eyJlMmJmYjczMC1lY2FhLTExZTYtOGY4OC0zNDM2M2JjN2M0YzAiOnsiZGVsZXRlIjo2MDAwMDAwMDAwMDB9fQ=="
        }
      ]
    },
    {
      "mode": "managed",
      "type": "openstack_networking_secgroup_v2",
      "name": "allow_ssh_from_jumphost",
      "provider": "provider[\"registry.terraform.io/terraform-provider-openstack/openstack\"]",
      "instances": [
        {
          "schema_version": 0,
          "attributes": {
            "all_tags": [],
            "delete_default_rules": null,
            "description": "Allows ssh from jumphost",
            "id": "122294a9-472c-4f79-981b-be3d745903db",
            "name": "allow_ssh_from_jumphost",
            "region": "RegionOne",
            "tags": null,
            "tenant_id": "62be1c2191494d7899d91604fd697542",
            "timeouts": null
          },
          "sensitive_attributes": [],
          "private": "eyJlMmJmYjczMC1lY2FhLTExZTYtOGY4OC0zNDM2M2JjN2M0YzAiOnsiZGVsZXRlIjo2MDAwMDAwMDAwMDB9fQ=="
        }
      ]
    },
    {
      "mode": "managed",
      "type": "openstack_networking_secgroup_v2",
      "name": "k8_node_sg",
      "provider": "provider[\"registry.terraform.io/terraform-provider-openstack/openstack\"]",
      "instances": [
        {
          "schema_version": 0,
          "attributes": {
            "all_tags": [],
            "delete_default_rules": null,
            "description": "Security group for Kubernetes nodes",
            "id": "552aea0c-adcd-437f-8811-682112f34538",
            "name": "k8_node_sg",
            "region": "RegionOne",
            "tags": null,
            "tenant_id": "62be1c2191494d7899d91604fd697542",
            "timeouts": null
          },
          "sensitive_attributes": [],
          "private": "eyJlMmJmYjczMC1lY2FhLTExZTYtOGY4OC0zNDM2M2JjN2M0YzAiOnsiZGVsZXRlIjo2MDAwMDAwMDAwMDB9fQ=="
        }
      ]
    },
    {
      "mode": "managed",
      "type": "openstack_networking_subnet_v2",
      "name": "cluster_subnet",
      "provider": "provider[\"registry.terraform.io/terraform-provider-openstack/openstack\"]",
      "instances": [
        {
          "schema_version": 0,
          "attributes": {
            "all_tags": [],
            "allocation_pool": [
              {
                "end": "192.168.1.254",
                "start": "192.168.1.2"
              }
            ],
            "allocation_pools": [
              {
                "end": "192.168.1.254",
                "start": "192.168.1.2"
              }
            ],
            "cidr": "192.168.1.0/24",
            "description": "",
            "dns_nameservers": null,
            "enable_dhcp": true,
            "gateway_ip": "192.168.1.1",
            "host_routes": [],
            "id": "bc7f9da0-4ea5-4587-9f61-6718306cb678",
            "ip_version": 4,
            "ipv6_address_mode": "",
            "ipv6_ra_mode": "",
            "name": "cluster_subnet",
            "network_id": "bfcd95ef-1fa4-45a5-901e-a7b34ae92c09",
            "no_gateway": false,
            "prefix_length": null,
            "region": "RegionOne",
            "service_types": [],
            "subnetpool_id": "",
            "tags": null,
            "tenant_id": "62be1c2191494d7899d91604fd697542",
            "timeouts": null,
            "value_specs": null
          },
          "sensitive_attributes": [],
          "private": "eyJlMmJmYjczMC1lY2FhLTExZTYtOGY4OC0zNDM2M2JjN2M0YzAiOnsiY3JlYXRlIjo2MDAwMDAwMDAwMDAsImRlbGV0ZSI6NjAwMDAwMDAwMDAwfX0=",
          "dependencies": [
            "openstack_networking_network_v2.cluster_network"
          ]
        }
      ]
    }
  ],
  "check_results": null
}
